
Microsoft Visual Studio Solution File, Format Version 12.00
# Visual Studio Version 17
VisualStudioVersion = 17.9.34622.214
MinimumVisualStudioVersion = 10.0.40219.1
Project("{8BC9CEB8-8B4A-11D0-8D11-00A0C91BC942}") = "Operation Harsh Doorstop External", "Operation Harsh Doorstop External\Operation Harsh Doorstop External.vcxproj", "{164B21BC-4284-4CCB-B126-6DE770A8DD2A}"
EndProject
Global
	GlobalSection(SolutionConfigurationPlatforms) = preSolution
		Debug|x64 = Debug|x64
		Debug|x86 = Debug|x86
		Release|x64 = Release|x64
		Release|x86 = Release|x86
	EndGlobalSection
	GlobalSection(ProjectConfigurationPlatforms) = postSolution
		{164B21BC-4284-4CCB-B126-6DE770A8DD2A}.Debug|x64.ActiveCfg = Debug|x64
		{164B21BC-4284-4CCB-B126-6DE770A8DD2A}.Debug|x64.Build.0 = Debug|x64
		{164B21BC-4284-4CCB-B126-6DE770A8DD2A}.Debug|x86.ActiveCfg = Debug|Win32
		{164B21BC-4284-4CCB-B126-6DE770A8DD2A}.Debug|x86.Build.0 = Debug|Win32
		{164B21BC-4284-4CCB-B126-6DE770A8DD2A}.Release|x64.ActiveCfg = Release|x64
		{164B21BC-4284-4CCB-B126-6DE770A8DD2A}.Release|x64.Build.0 = Release|x64
		{164B21BC-4284-4CCB-B126-6DE770A8DD2A}.Release|x86.ActiveCfg = Release|Win32
		{164B21BC-4284-4CCB-B126-6DE770A8DD2A}.Release|x86.Build.0 = Release|Win32
	EndGlobalSection
	GlobalSection(SolutionProperties) = preSolution
		HideSolutionNode = FALSE
	EndGlobalSection
	GlobalSection(ExtensibilityGlobals) = postSolution
		SolutionGuid = {5CC022CA-29EE-47DB-8E4B-D0C3A70167D3}
	EndGlobalSection
EndGlobal
